{
  "projects": [
    {
      "projectId": "qP4Hc5JLco42gBkKs1DSFq",
      "version": "latest",
      "dependencies": {},
      "lang": "ts",
      "fileLocks": [
        {
          "type": "globalVariant",
          "assetId": "bGwLJClmrBR6",
          "checksum": "f80ad5a0475542fb6aa3a0a2f789825d"
        },
        {
          "assetId": "qP4Hc5JLco42gBkKs1DSFq",
          "type": "projectCss",
          "checksum": "aff65f88085f486fc4b67eb8fb0af18a"
        },
        {
          "type": "renderModule",
          "assetId": "Kby8H4MniSPv",
          "checksum": "e035e40482d3851c63d6aa346e1348a6"
        },
        {
          "type": "cssRules",
          "assetId": "Kby8H4MniSPv",
          "checksum": "e035e40482d3851c63d6aa346e1348a6"
        },
        {
          "type": "renderModule",
          "assetId": "TPP2P1BuRyZ0",
          "checksum": "899804b1df3e4f1d969d04e1e9d08de1"
        },
        {
          "type": "cssRules",
          "assetId": "TPP2P1BuRyZ0",
          "checksum": "899804b1df3e4f1d969d04e1e9d08de1"
        },
        {
          "type": "renderModule",
          "assetId": "vCm_2KnW8EAH",
          "checksum": "3bad3de58388fc737e58051bdf248793"
        },
        {
          "type": "cssRules",
          "assetId": "vCm_2KnW8EAH",
          "checksum": "3bad3de58388fc737e58051bdf248793"
        },
        {
          "type": "renderModule",
          "assetId": "l25KR5Jm_il6g",
          "checksum": "6a89cea839964d12efb4d3a2534d0045"
        },
        {
          "type": "cssRules",
          "assetId": "l25KR5Jm_il6g",
          "checksum": "6a89cea839964d12efb4d3a2534d0045"
        },
        {
          "type": "renderModule",
          "assetId": "ntKxbu0hsPi5",
          "checksum": "5ccad6e63845a80bbf339cb1d571758a"
        },
        {
          "type": "cssRules",
          "assetId": "ntKxbu0hsPi5",
          "checksum": "5ccad6e63845a80bbf339cb1d571758a"
        },
        {
          "type": "renderModule",
          "assetId": "6YerjHib4ZZ3",
          "checksum": "817ecea63949e0015482153ee8b5777e"
        },
        {
          "type": "cssRules",
          "assetId": "6YerjHib4ZZ3",
          "checksum": "817ecea63949e0015482153ee8b5777e"
        },
        {
          "type": "renderModule",
          "assetId": "DwtRvh-q-rSx",
          "checksum": "a42bee58e037a62a066e38b372ec5d30"
        },
        {
          "type": "cssRules",
          "assetId": "DwtRvh-q-rSx",
          "checksum": "a42bee58e037a62a066e38b372ec5d30"
        },
        {
          "type": "renderModule",
          "assetId": "2zhw3LGlskk0",
          "checksum": "29ce1725aa4d08717e0cdd39f811e515"
        },
        {
          "type": "cssRules",
          "assetId": "2zhw3LGlskk0",
          "checksum": "29ce1725aa4d08717e0cdd39f811e515"
        },
        {
          "type": "renderModule",
          "assetId": "Dgxc_NL8mlw4",
          "checksum": "65b087683da1ffd10a6e0ae7f462c6f2"
        },
        {
          "type": "cssRules",
          "assetId": "Dgxc_NL8mlw4",
          "checksum": "65b087683da1ffd10a6e0ae7f462c6f2"
        },
        {
          "type": "renderModule",
          "assetId": "LERk_2xLcmW4",
          "checksum": "0cd29a5208f6a599319f7a727ad07f70"
        },
        {
          "type": "cssRules",
          "assetId": "LERk_2xLcmW4",
          "checksum": "0cd29a5208f6a599319f7a727ad07f70"
        },
        {
          "type": "renderModule",
          "assetId": "W9BLG8NXPpc9",
          "checksum": "742c6ebc1fc7b5072bc4c94f7a6fb68f"
        },
        {
          "type": "cssRules",
          "assetId": "W9BLG8NXPpc9",
          "checksum": "742c6ebc1fc7b5072bc4c94f7a6fb68f"
        },
        {
          "type": "icon",
          "assetId": "UfgAZp2Yxd0Cp",
          "checksum": "c0e2773138691128cf4ebe8c5611f829"
        },
        {
          "type": "icon",
          "assetId": "VhL4bVaSO97Sl",
          "checksum": "01c3d016883bf1be0a69bdd2a0679479"
        },
        {
          "type": "icon",
          "assetId": "JocErBQH9AhEx",
          "checksum": "98501242f7150c8a53856e39ce811f12"
        },
        {
          "type": "icon",
          "assetId": "vKyHvCE3EFLVh",
          "checksum": "b0e18acd91d48a16af2a815602ba2f77"
        },
        {
          "type": "icon",
          "assetId": "SsTlWTX7vghAq",
          "checksum": "dddffaf1edc5628d531edbdbf8d35520"
        },
        {
          "type": "icon",
          "assetId": "1OJox2L5eRwIL",
          "checksum": "becee59cb1dbab3f4eb0c48afedf45c3"
        },
        {
          "type": "icon",
          "assetId": "F1xGan4avOJ-w",
          "checksum": "e75618f4e9df21bd5220ff87a7bf8c3d"
        },
        {
          "type": "icon",
          "assetId": "pAM7AqBVN9ON2",
          "checksum": "77a22e5f64eeec99cedd7f65829d14f8"
        },
        {
          "type": "icon",
          "assetId": "5owPIfTpbF9FD",
          "checksum": "f9085da79bde3c33ab873212347ed3be"
        },
        {
          "type": "image",
          "assetId": "31c1AHW3L6COJ",
          "checksum": "d72a277700174df5a9e30a76f147aa6e"
        },
        {
          "type": "image",
          "assetId": "FiBZnvp1RF4xb",
          "checksum": "9ec96462d8c8e90f049be360407b9425"
        },
        {
          "type": "image",
          "assetId": "1_khdUsuos7C4",
          "checksum": "b42d4c87f65172c6a5caad8b17c69375"
        },
        {
          "type": "image",
          "assetId": "0E7U2YJlgCIex",
          "checksum": "375e9c725290c03a498b8ba360da2450"
        },
        {
          "type": "image",
          "assetId": "DDoakswitxIEU",
          "checksum": "45093e48b91726f9d58ad843a063f1aa"
        },
        {
          "type": "image",
          "assetId": "Y7iMjuEWjKfip",
          "checksum": "afd23bcc8f1eae1438b5a47e6a0c8a44"
        },
        {
          "type": "image",
          "assetId": "VX73TfjbdeFWT",
          "checksum": "686d62139785cb3794f941ba4ede081d"
        },
        {
          "type": "image",
          "assetId": "unkuL-FjGIj7G",
          "checksum": "f3fa96aed9b69ae9adcadb3c239b1af0"
        },
        {
          "type": "image",
          "assetId": "LaJqD2CsC2_Ef",
          "checksum": "a5c4fa9ed10988405d3cfcf319b41681"
        },
        {
          "type": "image",
          "assetId": "K3NQxbjSxa332",
          "checksum": "1f711b297d2b5abf2ffd6800b7eded71"
        },
        {
          "type": "image",
          "assetId": "6WHN1myvYl2u8",
          "checksum": "77270583b9104279424948fedbe731b3"
        },
        {
          "type": "image",
          "assetId": "-W96YEfN299MG",
          "checksum": "9966b5075539fc4cd59a8541d5add167"
        },
        {
          "type": "image",
          "assetId": "diHHmjW9u05Gj",
          "checksum": "e0e9e353fc89c2a46dab297c90ddfbf4"
        },
        {
          "type": "image",
          "assetId": "LI-qrDeIXDgS3",
          "checksum": "4a8d8a6d6580a3625ce23c8e06a01d9c"
        },
        {
          "type": "image",
          "assetId": "28mtFXjk75rOa",
          "checksum": "2c7b315eab6f8e02d07c8e58646b71ed"
        },
        {
          "type": "image",
          "assetId": "c5k4wM34BC9Xq",
          "checksum": "a88ebe425dfd97e3c45c109ac87c4687"
        },
        {
          "type": "image",
          "assetId": "XsOxVXpbii9DY",
          "checksum": "d6566bd523797c27f27af89813d12648"
        },
        {
          "type": "image",
          "assetId": "rfqQzSkW66ou9",
          "checksum": "0bcc86131cfdc5cff95948fdea7e06e2"
        },
        {
          "type": "image",
          "assetId": "79K_e-oDvne5j",
          "checksum": "9a8df93bc426cf632e69a85e5ced8186"
        },
        {
          "type": "image",
          "assetId": "P-t9xLO6xRMIA",
          "checksum": "613e2e8f4d5d49130a6f3dc0e054619a"
        },
        {
          "type": "image",
          "assetId": "fkMslAdVLxMPL",
          "checksum": "b63bf3b9855603416cde20a23f0982b9"
        },
        {
          "type": "image",
          "assetId": "SrVUArPohFpGH",
          "checksum": "b72c3d67baff518278164bcbf96db747"
        },
        {
          "type": "image",
          "assetId": "xYshtt0OWQUPj",
          "checksum": "65fcb83dba1c49c033acf994b9c6acd2"
        },
        {
          "type": "image",
          "assetId": "Dqfnseq2CSEDc",
          "checksum": "ff966dd0a5b6672427117a370b971651"
        },
        {
          "type": "image",
          "assetId": "phPLVYPdQhnf4",
          "checksum": "f86dbd832190198a30be2213943ed2e0"
        },
        {
          "type": "image",
          "assetId": "55C5Q_HAXWqEs",
          "checksum": "a8ab2b9d8d2cf6d4cbd8565e421b6b7a"
        },
        {
          "type": "image",
          "assetId": "RWy7VC1hO6dNB",
          "checksum": "f4aeb095d3c8488cad9252d84dccb9ea"
        },
        {
          "type": "image",
          "assetId": "5FZpdj1vn_hhd",
          "checksum": "90968bee5b74b1fca5c50fcbcfe6f559"
        },
        {
          "type": "image",
          "assetId": "FLaagV6BNFj81",
          "checksum": "cf1224c5b9d464dd02a6d92832f6d880"
        },
        {
          "type": "image",
          "assetId": "NtzG-qSA3LLiT",
          "checksum": "6121f3898d747e4697627f4be0bd0bc3"
        },
        {
          "type": "image",
          "assetId": "EbZbLH9DW_zi3",
          "checksum": "f982b4ef0367afcac1c4a7020376407c"
        },
        {
          "type": "image",
          "assetId": "BP-dJPsCH9ctd",
          "checksum": "258b3838bff8523cf365ee33598c1237"
        },
        {
          "type": "image",
          "assetId": "7d2nUTUNwkedp",
          "checksum": "92bedb91d218777adf6be33d87ab03e3"
        },
        {
          "type": "image",
          "assetId": "5etbVxBHh3gi0",
          "checksum": "124248839b9170c97fa4386080b4bbdd"
        },
        {
          "type": "image",
          "assetId": "efEliWIouN4WC",
          "checksum": "f213eab9977146ef60763ac3d7133919"
        },
        {
          "type": "image",
          "assetId": "0aiwfLRfvm9uO",
          "checksum": "f2dfeba70cfc40abde3f9be749102315"
        },
        {
          "type": "image",
          "assetId": "Jr0pew-HFE2IV",
          "checksum": "87abec8cc517f6c322a265a4ae320131"
        }
      ],
      "codegenVersion": "0.0.1"
    }
  ],
  "cliVersion": "0.1.190"
}
